{
	"name": "ozone-video-player",
	"version": "4.1.1",
	"lockfileVersion": 1,
	"requires": true,
	"dependencies": {
		"@polymer/polymer": {
			"version": "2.6.1",
			"resolved": "https://registry.npmjs.org/@polymer/polymer/-/polymer-2.6.1.tgz",
			"integrity": "sha512-XBzaKlSZ094i8zfkOgczn08Gk4TWPLtGh3leANGIKLuzboid4totBt2RkBgHjRl8DgY6Up3+Jm+3lHz6W8QA+g==",
			"dev": true
		},
		"clappr": {
			"version": "0.2.98",
			"resolved": "https://registry.npmjs.org/clappr/-/clappr-0.2.98.tgz",
			"integrity": "sha512-3ZeJ+KL2YHyHLN5jXAP2CAX3pJQUjhL6YXyRwE9zHdA9FSO7VbMfnUCoJif2YNsPANz08tmBjUZplERtBVUuOA=="
		},
		"clappr-markers-plugin": {
			"version": "git+https://github.com/hubjac1/clappr-markers-plugin.git#a0ab52002b365de05b104005b7eac7808a3c0478"
		},
		"uuid": {
			"version": "3.3.2",
			"resolved": "https://registry.npmjs.org/uuid/-/uuid-3.3.2.tgz",
			"integrity": "sha512-yXJmeNaw3DnnKAOKJE51sL/ZaYfWJRl1pK9dr19YFCu0ObS231AB1/LbqTKRAQ5kw8A90rA6fr4riOUpTZvQZA=="
		}
	}
}
