# THIS IS AN AUTOGENERATED FILE. DO NOT EDIT THIS FILE DIRECTLY.
# yarn lockfile v1


"@polymer/polymer@2.6.1":
  version "2.6.1"
  resolved "https://registry.yarnpkg.com/@polymer/polymer/-/polymer-2.6.1.tgz#d233d0676cd634057a673fd8c2e62100d3b5a4e6"

"clappr-markers-plugin@git+https://github.com/hubjac1/clappr-markers-plugin.git":
  version "0.6.1"
  resolved "git+https://github.com/hubjac1/clappr-markers-plugin.git#a0ab52002b365de05b104005b7eac7808a3c0478"

clappr@0.2.98:
  version "0.2.98"
  resolved "https://registry.yarnpkg.com/clappr/-/clappr-0.2.98.tgz#45901c762c9e549b41ebf6bd4be8132f8f8db4b0"

uuid@3.3.2:
  version "3.3.2"
  resolved "https://registry.yarnpkg.com/uuid/-/uuid-3.3.2.tgz#1b4af4955eb3077c501c23872fc6513811587131"
