# THIS IS AN AUTOGENERATED FILE. DO NOT EDIT THIS FILE DIRECTLY.
# yarn lockfile v1


"@polymer/polymer@2.6.1":
  version "2.6.1"
  resolved "https://registry.yarnpkg.com/@polymer/polymer/-/polymer-2.6.1.tgz#d233d0676cd634057a673fd8c2e62100d3b5a4e6"
  integrity sha512-XBzaKlSZ094i8zfkOgczn08Gk4TWPLtGh3leANGIKLuzboid4totBt2RkBgHjRl8DgY6Up3+Jm+3lHz6W8QA+g==

"clappr-markers-plugin@git+https://github.com/taktik/clappr-markers-plugin.git":
  version "0.6.2"
  resolved "git+https://github.com/taktik/clappr-markers-plugin.git#c4bf9d1e14c65fb0081778d892734630eb598301"

clappr@0.3.13:
  version "0.3.13"
  resolved "https://registry.yarnpkg.com/clappr/-/clappr-0.3.13.tgz#e2eacc37cb85024b7f73c0e0fcb4de52d0f15d7f"
  integrity sha512-cAtGhtSAYIavKqVQb/wX5pB9twb/W7gFUGBaGHy6dbpUqCtCmtH0Eu05rNSwtbaREWgSTUJyEMTgaNSZ/62KlQ==

uuid@8.3.2:
  version "8.3.2"
  resolved "https://registry.yarnpkg.com/uuid/-/uuid-8.3.2.tgz#80d5b5ced271bb9af6c445f21a1a04c606cefbe2"
  integrity sha512-+NYs2QeMWy+GWFOEm9xnn6HCDp0l7QBD7ml8zLUmJ+93Q5NF0NocErnwkTkXVFNiX3/fpC6afS8Dhb/gz7R7eg==
