# THIS IS AN AUTOGENERATED FILE. DO NOT EDIT THIS FILE DIRECTLY.
# yarn lockfile v1


uuid@11.0.5:
  version "11.0.5"
  resolved "https://registry.yarnpkg.com/uuid/-/uuid-11.0.5.tgz#07b46bdfa6310c92c3fb3953a8720f170427fc62"
  integrity sha512-508e6IcKLrhxKdBbcA2b4KQZlLVp2+J5UwQ6F7Drckkc5N9ZJwFa4TgWtsww9UG8fGHbm6gbV19TdM5pQ4GaIA==
