# THIS IS AN AUTOGENERATED FILE. DO NOT EDIT THIS FILE DIRECTLY.
# yarn lockfile v1


generic-logger-typings@1.0.0:
  version "1.0.0"
  resolved "https://registry.yarnpkg.com/generic-logger-typings/-/generic-logger-typings-1.0.0.tgz#4336ba198bc4c3e5293736e1f89bd647a691cb55"
  integrity sha512-UvlcsBEa7J+KGOuCdtIPG9VSoktVxUFgUXYr/oNkWODI1ERYLGCiDfVB9tZBeHNxaIyzFX94vofcyoCaQ8UG1A==

typescript-http-client@0.10.5:
  version "0.10.5"
  resolved "https://registry.yarnpkg.com/typescript-http-client/-/typescript-http-client-0.10.5.tgz#576e1bae4d9773e6c0b9b75dbd0e81981721a337"
  integrity sha512-lheHuZ4uDmcSwrf3dSa113TNF2N6byW4TbOS+9OWul6//6gHBzHHfkZJWSP66T5G81ggCBd+ZXx9UaryVFSJtA==
  dependencies:
    generic-logger-typings "1.0.0"
