{
	"name": "ozone-components-demo",
	"version": "4.1.2",
	"lockfileVersion": 1,
	"requires": true,
	"dependencies": {
		"clappr": {
			"version": "0.2.87",
			"resolved": "https://registry.npmjs.org/clappr/-/clappr-0.2.87.tgz",
			"integrity": "sha512-EBK3TFmXQLk00q0k0g+7fwdG61Vzf/iUkOijulbp/jTrThHGDqP6W4KgIi2Rvd/Cj6jRsg4E2SdsY111XJGlYw=="
		},
		"clappr-markers-plugin": {
			"version": "git+https://github.com/hubjac1/clappr-markers-plugin.git#a0ab52002b365de05b104005b7eac7808a3c0478"
		},
		"hls-parser": {
			"version": "0.1.8",
			"resolved": "https://registry.npmjs.org/hls-parser/-/hls-parser-0.1.8.tgz",
			"integrity": "sha512-29HX6ce+2kZGQkotVAexfOToQLagRHw+STyJ0w0w5HBueUhKbUBkywyfSVut5SCbwt2+IiC6DFkuSwMg2Dr8HQ=="
		},
		"hls.js": {
			"version": "0.9.1",
			"resolved": "http://registry.npmjs.org/hls.js/-/hls.js-0.9.1.tgz",
			"integrity": "sha512-IklU+BgobPNIc6NMY+pyxElbwWKM7QmP2u0afB7KSK/1btAknTkDJmXasb4628EjgynjgDOVMmQ9sLg73S+lwQ==",
			"requires": {
				"string.prototype.endswith": "0.2.0",
				"url-toolkit": "2.1.6"
			}
		},
		"querystring": {
			"version": "0.2.0",
			"resolved": "https://registry.npmjs.org/querystring/-/querystring-0.2.0.tgz",
			"integrity": "sha1-sgmEkgO7Jd+CDadW50cAWHhSFiA="
		},
		"string.prototype.endswith": {
			"version": "0.2.0",
			"resolved": "https://registry.npmjs.org/string.prototype.endswith/-/string.prototype.endswith-0.2.0.tgz",
			"integrity": "sha1-oZwg3uUamHd+mkfhDwm+OTubunU="
		},
		"url": {
			"version": "0.11.0",
			"resolved": "https://registry.npmjs.org/url/-/url-0.11.0.tgz",
			"integrity": "sha1-ODjpfPxgUh63PFJajlW/3Z4uKPE=",
			"requires": {
				"punycode": "1.3.2",
				"querystring": "0.2.0"
			},
			"dependencies": {
				"punycode": {
					"version": "1.3.2",
					"resolved": "https://registry.npmjs.org/punycode/-/punycode-1.3.2.tgz",
					"integrity": "sha1-llOgNvt8HuQjQvIyXM7v6jkmxI0="
				}
			}
		},
		"url-toolkit": {
			"version": "2.1.6",
			"resolved": "https://registry.npmjs.org/url-toolkit/-/url-toolkit-2.1.6.tgz",
			"integrity": "sha512-UaZ2+50am4HwrV2crR/JAf63Q4VvPYphe63WGeoJxeu8gmOm0qxPt+KsukfakPNrX9aymGNEkkaoICwn+OuvBw=="
		},
		"uuid": {
			"version": "3.3.2",
			"resolved": "https://registry.npmjs.org/uuid/-/uuid-3.3.2.tgz",
			"integrity": "sha512-yXJmeNaw3DnnKAOKJE51sL/ZaYfWJRl1pK9dr19YFCu0ObS231AB1/LbqTKRAQ5kw8A90rA6fr4riOUpTZvQZA=="
		}
	}
}
