# THIS IS AN AUTOGENERATED FILE. DO NOT EDIT THIS FILE DIRECTLY.
# yarn lockfile v1


"clappr-markers-plugin@git+https://github.com/hubjac1/clappr-markers-plugin.git":
  version "0.6.1"
  resolved "git+https://github.com/hubjac1/clappr-markers-plugin.git#a0ab52002b365de05b104005b7eac7808a3c0478"

clappr@0.2.87:
  version "0.2.87"
  resolved "https://registry.yarnpkg.com/clappr/-/clappr-0.2.87.tgz#4a305f2ad1ee595793d0906447725424bbba68b0"
  integrity sha512-EBK3TFmXQLk00q0k0g+7fwdG61Vzf/iUkOijulbp/jTrThHGDqP6W4KgIi2Rvd/Cj6jRsg4E2SdsY111XJGlYw==

helpful-decorators@^2.0.4:
  version "2.0.6"
  resolved "https://registry.yarnpkg.com/helpful-decorators/-/helpful-decorators-2.0.6.tgz#029e7740b85959bf7d2db90d0414188c5aa54564"
  integrity sha512-TNnc/X/ul1aYgLARQAd/Z1zJqSxwy8j708/qz0Ztn47KSzuosq+dgoj8azbycjZoBGGI+3UNCzVZwGQzWktpHQ==
  dependencies:
    lodash.debounce "4.0.8"
    lodash.delay "4.1.1"
    lodash.memoize "4.1.2"
    lodash.once "4.1.1"
    lodash.throttle "4.1.1"

hls-parser@0.1.8:
  version "0.1.8"
  resolved "https://registry.yarnpkg.com/hls-parser/-/hls-parser-0.1.8.tgz#19cc841bd4ed22cb0290eec1ddea8234e843168c"
  integrity sha512-29HX6ce+2kZGQkotVAexfOToQLagRHw+STyJ0w0w5HBueUhKbUBkywyfSVut5SCbwt2+IiC6DFkuSwMg2Dr8HQ==

hls.js@0.9.1:
  version "0.9.1"
  resolved "https://registry.yarnpkg.com/hls.js/-/hls.js-0.9.1.tgz#36516d4fac3ab44108e5c127ef0f3e9cd06f6330"
  integrity sha512-IklU+BgobPNIc6NMY+pyxElbwWKM7QmP2u0afB7KSK/1btAknTkDJmXasb4628EjgynjgDOVMmQ9sLg73S+lwQ==
  dependencies:
    string.prototype.endswith "^0.2.0"
    url-toolkit "^2.1.2"

lodash.debounce@4.0.8:
  version "4.0.8"
  resolved "https://registry.yarnpkg.com/lodash.debounce/-/lodash.debounce-4.0.8.tgz#82d79bff30a67c4005ffd5e2515300ad9ca4d7af"
  integrity sha1-gteb/zCmfEAF/9XiUVMArZyk168=

lodash.delay@4.1.1:
  version "4.1.1"
  resolved "https://registry.yarnpkg.com/lodash.delay/-/lodash.delay-4.1.1.tgz#8a3b424988252ab912356d8e3ce93eb172d9f231"
  integrity sha1-ijtCSYglKrkSNW2OPOk+sXLZ8jE=

lodash.memoize@4.1.2:
  version "4.1.2"
  resolved "https://registry.yarnpkg.com/lodash.memoize/-/lodash.memoize-4.1.2.tgz#bcc6c49a42a2840ed997f323eada5ecd182e0bfe"
  integrity sha1-vMbEmkKihA7Zl/Mj6tpezRguC/4=

lodash.once@4.1.1:
  version "4.1.1"
  resolved "https://registry.yarnpkg.com/lodash.once/-/lodash.once-4.1.1.tgz#0dd3971213c7c56df880977d504c88fb471a97ac"
  integrity sha1-DdOXEhPHxW34gJd9UEyI+0cal6w=

lodash.throttle@4.1.1:
  version "4.1.1"
  resolved "https://registry.yarnpkg.com/lodash.throttle/-/lodash.throttle-4.1.1.tgz#c23e91b710242ac70c37f1e1cda9274cc39bf2f4"
  integrity sha1-wj6RtxAkKscMN/HhzaknTMOb8vQ=

punycode@1.3.2:
  version "1.3.2"
  resolved "https://registry.yarnpkg.com/punycode/-/punycode-1.3.2.tgz#9653a036fb7c1ee42342f2325cceefea3926c48d"
  integrity sha1-llOgNvt8HuQjQvIyXM7v6jkmxI0=

querystring@0.2.0:
  version "0.2.0"
  resolved "https://registry.yarnpkg.com/querystring/-/querystring-0.2.0.tgz#b209849203bb25df820da756e747005878521620"
  integrity sha1-sgmEkgO7Jd+CDadW50cAWHhSFiA=

string.prototype.endswith@^0.2.0:
  version "0.2.0"
  resolved "https://registry.yarnpkg.com/string.prototype.endswith/-/string.prototype.endswith-0.2.0.tgz#a19c20dee51a98777e9a47e10f09be393b9bba75"
  integrity sha1-oZwg3uUamHd+mkfhDwm+OTubunU=

typescript-state-machine@0.9.7:
  version "0.9.7"
  resolved "https://registry.yarnpkg.com/typescript-state-machine/-/typescript-state-machine-0.9.7.tgz#0f6822b2b51cff4a0bc683dd084b100622a20ebf"
  integrity sha512-R066IIHvilHFH2tZFn0pN4mx9MIzIgLauu3E7I/HA9S619uaKAWnrKpi2s/GJXpNMB8PVeGgb3hlUWmbRXjh6Q==

url-toolkit@^2.1.2:
  version "2.1.6"
  resolved "https://registry.yarnpkg.com/url-toolkit/-/url-toolkit-2.1.6.tgz#6d03246499e519aad224c44044a4ae20544154f2"
  integrity sha512-UaZ2+50am4HwrV2crR/JAf63Q4VvPYphe63WGeoJxeu8gmOm0qxPt+KsukfakPNrX9aymGNEkkaoICwn+OuvBw==

url@0.11.0:
  version "0.11.0"
  resolved "https://registry.yarnpkg.com/url/-/url-0.11.0.tgz#3838e97cfc60521eb73c525a8e55bfdd9e2e28f1"
  integrity sha1-ODjpfPxgUh63PFJajlW/3Z4uKPE=
  dependencies:
    punycode "1.3.2"
    querystring "0.2.0"

uuid@3.3.2:
  version "3.3.2"
  resolved "https://registry.yarnpkg.com/uuid/-/uuid-3.3.2.tgz#1b4af4955eb3077c501c23872fc6513811587131"
  integrity sha512-yXJmeNaw3DnnKAOKJE51sL/ZaYfWJRl1pK9dr19YFCu0ObS231AB1/LbqTKRAQ5kw8A90rA6fr4riOUpTZvQZA==
