# THIS IS AN AUTOGENERATED FILE. DO NOT EDIT THIS FILE DIRECTLY.
# yarn lockfile v1


hls-parser@0.1.8:
  version "0.1.8"
  resolved "https://registry.yarnpkg.com/hls-parser/-/hls-parser-0.1.8.tgz#19cc841bd4ed22cb0290eec1ddea8234e843168c"
  integrity sha512-29HX6ce+2kZGQkotVAexfOToQLagRHw+STyJ0w0w5HBueUhKbUBkywyfSVut5SCbwt2+IiC6DFkuSwMg2Dr8HQ==
