# THIS IS AN AUTOGENERATED FILE. DO NOT EDIT THIS FILE DIRECTLY.
# yarn lockfile v1


helpful-decorators@^2.0.4:
  version "2.0.4"
  resolved "https://registry.yarnpkg.com/helpful-decorators/-/helpful-decorators-2.0.4.tgz#d130428f3c0d9ac64897b6ce9f6b45e9adb8865b"
  integrity sha512-8+LNKPz0LCQ7t0BUcg87gWvjCpoL2AfFdk+l6NIbuG5BnA7BlPF9MbH3j2VMxhRyDG12IH2RYe/399QpUr7hdA==
  dependencies:
    lodash.debounce "4.0.8"
    lodash.delay "4.1.1"
    lodash.memoize "4.1.2"
    lodash.once "4.1.1"
    lodash.throttle "4.1.1"

hls-parser@0.1.8:
  version "0.1.8"
  resolved "https://registry.yarnpkg.com/hls-parser/-/hls-parser-0.1.8.tgz#19cc841bd4ed22cb0290eec1ddea8234e843168c"

lodash.debounce@4.0.8:
  version "4.0.8"
  resolved "https://registry.yarnpkg.com/lodash.debounce/-/lodash.debounce-4.0.8.tgz#82d79bff30a67c4005ffd5e2515300ad9ca4d7af"
  integrity sha1-gteb/zCmfEAF/9XiUVMArZyk168=

lodash.delay@4.1.1:
  version "4.1.1"
  resolved "https://registry.yarnpkg.com/lodash.delay/-/lodash.delay-4.1.1.tgz#8a3b424988252ab912356d8e3ce93eb172d9f231"
  integrity sha1-ijtCSYglKrkSNW2OPOk+sXLZ8jE=

lodash.memoize@4.1.2:
  version "4.1.2"
  resolved "https://registry.yarnpkg.com/lodash.memoize/-/lodash.memoize-4.1.2.tgz#bcc6c49a42a2840ed997f323eada5ecd182e0bfe"
  integrity sha1-vMbEmkKihA7Zl/Mj6tpezRguC/4=

lodash.once@4.1.1:
  version "4.1.1"
  resolved "https://registry.yarnpkg.com/lodash.once/-/lodash.once-4.1.1.tgz#0dd3971213c7c56df880977d504c88fb471a97ac"
  integrity sha1-DdOXEhPHxW34gJd9UEyI+0cal6w=

lodash.throttle@4.1.1:
  version "4.1.1"
  resolved "https://registry.yarnpkg.com/lodash.throttle/-/lodash.throttle-4.1.1.tgz#c23e91b710242ac70c37f1e1cda9274cc39bf2f4"
  integrity sha1-wj6RtxAkKscMN/HhzaknTMOb8vQ=

log4javascript@^1.4.15:
  version "1.4.15"
  resolved "https://registry.yarnpkg.com/log4javascript/-/log4javascript-1.4.15.tgz#85ac62e946b024c6b256216084e10601d5630604"
  integrity sha1-haxi6UawJMayViFghOEGAdVjBgQ=

ozone-default-client@^5.0.3:
  version "5.0.3"
  resolved "https://registry.yarnpkg.com/ozone-default-client/-/ozone-default-client-5.0.3.tgz#b414dbea36e3106eb2c2f27e7eeeda100347b593"
  integrity sha512-Io989sG4AJnqwprMbrYws8/72F9A/s3IrGUdO5Veim3AHy4K6IzC10xdbWs6rztSVkOA4q2xVzwt5ODp+J6Dfg==
  dependencies:
    ozone-typescript-client "^5.0.3"

ozone-search-helper@^5.0.3:
  version "5.0.3"
  resolved "https://registry.yarnpkg.com/ozone-search-helper/-/ozone-search-helper-5.0.3.tgz#8585500286dcc1562df8806b7c4d1dfca604d815"
  integrity sha512-iffJ9cdMrlDe6bXhX1Fc4c81gLC97M6F9+RGaxguvR7TLzu88sEaJALsFV0JQ/Ho/+IZhV3beG0lKizGL5GuWQ==

ozone-type@^5.0.0:
  version "5.0.0"
  resolved "https://registry.yarnpkg.com/ozone-type/-/ozone-type-5.0.0.tgz#2ac72d93084695bc1bb20e01591cad0d5f227c84"
  integrity sha512-yOkUbHDElpZguoSDsYpuaqi9wT94pPARL3qU4GqzhPL5D+YgieNrqGPXg83J1VgqqYcfP1QJ4fNC+d+rfWh9/w==

ozone-typescript-client@^5.0.3:
  version "5.0.3"
  resolved "https://registry.yarnpkg.com/ozone-typescript-client/-/ozone-typescript-client-5.0.3.tgz#252b0672dc554893a10b6a0385d2f467dd4a774d"
  integrity sha512-Ra+pfjdKBTwcRDa9+8PEvtcqNHpwQsnWp6S4YOEUmpvYt4lIwb1CprDbcUwySR/nElAvRqgc+y6Ak9Pz5ENFIQ==
  dependencies:
    helpful-decorators "^2.0.4"
    log4javascript "^1.4.15"
    ozone-search-helper "^5.0.3"
    ozone-type "^5.0.0"
    typescript-http-client "^0.10.0"
    typescript-state-machine "^0.9.3"

typescript-http-client@^0.10.0:
  version "0.10.0"
  resolved "https://registry.yarnpkg.com/typescript-http-client/-/typescript-http-client-0.10.0.tgz#7b6b4922d1dfbbf44d0658a4ed79b75619da049d"
  integrity sha512-MzQRxbA9izSNRKWW6HU5SoIaPRcgHSnSemUzVf0z6UNn8miKu+/7Ji9CsOORBD+vqrqNM7cjFtAvxSg38SBSsQ==
  dependencies:
    log4javascript "^1.4.15"

typescript-state-machine@^0.9.3:
  version "0.9.4"
  resolved "https://registry.yarnpkg.com/typescript-state-machine/-/typescript-state-machine-0.9.4.tgz#e1997c1f1d9cfc37195178cc1de63b10148724f7"
  integrity sha512-jWfsNyvVo6qR1VhIWgs25QaT0bX2YdELOhoE11uQBCsYyds1YknIsx9400JShzD5GZDTM9fnoJcRMwPyKr0qtw==
  dependencies:
    log4javascript "^1.4.15"
